// !$*UTF8*$!
{
	archiveVersion = 1;
	classes = {
	};
	objectVersion = 55;
	objects = {

/* Begin PBXBuildFile section */
		6660255127D2AEF2007DC558 /* Tests_iOS.swift in Sources */ = {isa = PBXBuildFile; fileRef = 6660255027D2AEF2007DC558 /* Tests_iOS.swift */; };
		6660255327D2AEF2007DC558 /* Tests_iOSLaunchTests.swift in Sources */ = {isa = PBXBuildFile; fileRef = 6660255227D2AEF2007DC558 /* Tests_iOSLaunchTests.swift */; };
		6660255D27D2AEF2007DC558 /* Tests_macOS.swift in Sources */ = {isa = PBXBuildFile; fileRef = 6660255C27D2AEF2007DC558 /* Tests_macOS.swift */; };
		6660255F27D2AEF2007DC558 /* Tests_macOSLaunchTests.swift in Sources */ = {isa = PBXBuildFile; fileRef = 6660255E27D2AEF2007DC558 /* Tests_macOSLaunchTests.swift */; };
		6660256027D2AEF2007DC558 /* ble_peripheral_appleApp.swift in Sources */ = {isa = PBXBuildFile; fileRef = 6660253827D2AEF1007DC558 /* ble_peripheral_appleApp.swift */; };
		6660256127D2AEF2007DC558 /* ble_peripheral_appleApp.swift in Sources */ = {isa = PBXBuildFile; fileRef = 6660253827D2AEF1007DC558 /* ble_peripheral_appleApp.swift */; };
		6660256227D2AEF2007DC558 /* ContentView.swift in Sources */ = {isa = PBXBuildFile; fileRef = 6660253927D2AEF1007DC558 /* ContentView.swift */; };
		6660256327D2AEF2007DC558 /* ContentView.swift in Sources */ = {isa = PBXBuildFile; fileRef = 6660253927D2AEF1007DC558 /* ContentView.swift */; };
		6660256427D2AEF2007DC558 /* Assets.xcassets in Resources */ = {isa = PBXBuildFile; fileRef = 6660253A27D2AEF2007DC558 /* Assets.xcassets */; };
		6660256527D2AEF2007DC558 /* Assets.xcassets in Resources */ = {isa = PBXBuildFile; fileRef = 6660253A27D2AEF2007DC558 /* Assets.xcassets */; };
/* End PBXBuildFile section */

/* Begin PBXContainerItemProxy section */
		6660254D27D2AEF2007DC558 /* PBXContainerItemProxy */ = {
			isa = PBXContainerItemProxy;
			containerPortal = 6660253327D2AEF1007DC558 /* Project object */;
			proxyType = 1;
			remoteGlobalIDString = 6660253E27D2AEF2007DC558;
			remoteInfo = "ble-peripheral-apple (iOS)";
		};
		6660255927D2AEF2007DC558 /* PBXContainerItemProxy */ = {
			isa = PBXContainerItemProxy;
			containerPortal = 6660253327D2AEF1007DC558 /* Project object */;
			proxyType = 1;
			remoteGlobalIDString = 6660254427D2AEF2007DC558;
			remoteInfo = "ble-peripheral-apple (macOS)";
		};
/* End PBXContainerItemProxy section */

/* Begin PBXFileReference section */
		6660253827D2AEF1007DC558 /* ble_peripheral_appleApp.swift */ = {isa = PBXFileReference; lastKnownFileType = sourcecode.swift; path = ble_peripheral_appleApp.swift; sourceTree = "<group>"; };
		6660253927D2AEF1007DC558 /* ContentView.swift */ = {isa = PBXFileReference; lastKnownFileType = sourcecode.swift; path = ContentView.swift; sourceTree = "<group>"; };
		6660253A27D2AEF2007DC558 /* Assets.xcassets */ = {isa = PBXFileReference; lastKnownFileType = folder.assetcatalog; path = Assets.xcassets; sourceTree = "<group>"; };
		6660253F27D2AEF2007DC558 /* ble-peripheral-apple.app */ = {isa = PBXFileReference; explicitFileType = wrapper.application; includeInIndex = 0; path = "ble-peripheral-apple.app"; sourceTree = BUILT_PRODUCTS_DIR; };
		6660254527D2AEF2007DC558 /* ble-peripheral-apple.app */ = {isa = PBXFileReference; explicitFileType = wrapper.application; includeInIndex = 0; path = "ble-peripheral-apple.app"; sourceTree = BUILT_PRODUCTS_DIR; };
		6660254727D2AEF2007DC558 /* macOS.entitlements */ = {isa = PBXFileReference; lastKnownFileType = text.plist.entitlements; path = macOS.entitlements; sourceTree = "<group>"; };
		6660254C27D2AEF2007DC558 /* Tests iOS.xctest */ = {isa = PBXFileReference; explicitFileType = wrapper.cfbundle; includeInIndex = 0; path = "Tests iOS.xctest"; sourceTree = BUILT_PRODUCTS_DIR; };
		6660255027D2AEF2007DC558 /* Tests_iOS.swift */ = {isa = PBXFileReference; lastKnownFileType = sourcecode.swift; path = Tests_iOS.swift; sourceTree = "<group>"; };
		6660255227D2AEF2007DC558 /* Tests_iOSLaunchTests.swift */ = {isa = PBXFileReference; lastKnownFileType = sourcecode.swift; path = Tests_iOSLaunchTests.swift; sourceTree = "<group>"; };
		6660255827D2AEF2007DC558 /* Tests macOS.xctest */ = {isa = PBXFileReference; explicitFileType = wrapper.cfbundle; includeInIndex = 0; path = "Tests macOS.xctest"; sourceTree = BUILT_PRODUCTS_DIR; };
		6660255C27D2AEF2007DC558 /* Tests_macOS.swift */ = {isa = PBXFileReference; lastKnownFileType = sourcecode.swift; path = Tests_macOS.swift; sourceTree = "<group>"; };
		6660255E27D2AEF2007DC558 /* Tests_macOSLaunchTests.swift */ = {isa = PBXFileReference; lastKnownFileType = sourcecode.swift; path = Tests_macOSLaunchTests.swift; sourceTree = "<group>"; };
/* End PBXFileReference section */

/* Begin PBXFrameworksBuildPhase section */
		6660253C27D2AEF2007DC558 /* Frameworks */ = {
			isa = PBXFrameworksBuildPhase;
			buildActionMask = 2147483647;
			files = (
			);
			runOnlyForDeploymentPostprocessing = 0;
		};
		6660254227D2AEF2007DC558 /* Frameworks */ = {
			isa = PBXFrameworksBuildPhase;
			buildActionMask = 2147483647;
			files = (
			);
			runOnlyForDeploymentPostprocessing = 0;
		};
		6660254927D2AEF2007DC558 /* Frameworks */ = {
			isa = PBXFrameworksBuildPhase;
			buildActionMask = 2147483647;
			files = (
			);
			runOnlyForDeploymentPostprocessing = 0;
		};
		6660255527D2AEF2007DC558 /* Frameworks */ = {
			isa = PBXFrameworksBuildPhase;
			buildActionMask = 2147483647;
			files = (
			);
			runOnlyForDeploymentPostprocessing = 0;
		};
/* End PBXFrameworksBuildPhase section */

/* Begin PBXGroup section */
		6660253227D2AEF1007DC558 = {
			isa = PBXGroup;
			children = (
				6660253727D2AEF1007DC558 /* Shared */,
				6660254627D2AEF2007DC558 /* macOS */,
				6660254F27D2AEF2007DC558 /* Tests iOS */,
				6660255B27D2AEF2007DC558 /* Tests macOS */,
				6660254027D2AEF2007DC558 /* Products */,
			);
			sourceTree = "<group>";
		};
		6660253727D2AEF1007DC558 /* Shared */ = {
			isa = PBXGroup;
			children = (
				6660253827D2AEF1007DC558 /* ble_peripheral_appleApp.swift */,
				6660253927D2AEF1007DC558 /* ContentView.swift */,
				6660253A27D2AEF2007DC558 /* Assets.xcassets */,
			);
			path = Shared;
			sourceTree = "<group>";
		};
		6660254027D2AEF2007DC558 /* Products */ = {
			isa = PBXGroup;
			children = (
				6660253F27D2AEF2007DC558 /* ble-peripheral-apple.app */,
				6660254527D2AEF2007DC558 /* ble-peripheral-apple.app */,
				6660254C27D2AEF2007DC558 /* Tests iOS.xctest */,
				6660255827D2AEF2007DC558 /* Tests macOS.xctest */,
			);
			name = Products;
			sourceTree = "<group>";
		};
		6660254627D2AEF2007DC558 /* macOS */ = {
			isa = PBXGroup;
			children = (
				6660254727D2AEF2007DC558 /* macOS.entitlements */,
			);
			path = macOS;
			sourceTree = "<group>";
		};
		6660254F27D2AEF2007DC558 /* Tests iOS */ = {
			isa = PBXGroup;
			children = (
				6660255027D2AEF2007DC558 /* Tests_iOS.swift */,
				6660255227D2AEF2007DC558 /* Tests_iOSLaunchTests.swift */,
			);
			path = "Tests iOS";
			sourceTree = "<group>";
		};
		6660255B27D2AEF2007DC558 /* Tests macOS */ = {
			isa = PBXGroup;
			children = (
				6660255C27D2AEF2007DC558 /* Tests_macOS.swift */,
				6660255E27D2AEF2007DC558 /* Tests_macOSLaunchTests.swift */,
			);
			path = "Tests macOS";
			sourceTree = "<group>";
		};
/* End PBXGroup section */

/* Begin PBXNativeTarget section */
		6660253E27D2AEF2007DC558 /* ble-peripheral-apple (iOS) */ = {
			isa = PBXNativeTarget;
			buildConfigurationList = 6660256827D2AEF2007DC558 /* Build configuration list for PBXNativeTarget "ble-peripheral-apple (iOS)" */;
			buildPhases = (
				6660253B27D2AEF2007DC558 /* Sources */,
				6660253C27D2AEF2007DC558 /* Frameworks */,
				6660253D27D2AEF2007DC558 /* Resources */,
			);
			buildRules = (
			);
			dependencies = (
			);
			name = "ble-peripheral-apple (iOS)";
			productName = "ble-peripheral-apple (iOS)";
			productReference = 6660253F27D2AEF2007DC558 /* ble-peripheral-apple.app */;
			productType = "com.apple.product-type.application";
		};
		6660254427D2AEF2007DC558 /* ble-peripheral-apple (macOS) */ = {
			isa = PBXNativeTarget;
			buildConfigurationList = 6660256B27D2AEF2007DC558 /* Build configuration list for PBXNativeTarget "ble-peripheral-apple (macOS)" */;
			buildPhases = (
				6660254127D2AEF2007DC558 /* Sources */,
				6660254227D2AEF2007DC558 /* Frameworks */,
				6660254327D2AEF2007DC558 /* Resources */,
			);
			buildRules = (
			);
			dependencies = (
			);
			name = "ble-peripheral-apple (macOS)";
			productName = "ble-peripheral-apple (macOS)";
			productReference = 6660254527D2AEF2007DC558 /* ble-peripheral-apple.app */;
			productType = "com.apple.product-type.application";
		};
		6660254B27D2AEF2007DC558 /* Tests iOS */ = {
			isa = PBXNativeTarget;
			buildConfigurationList = 6660256E27D2AEF2007DC558 /* Build configuration list for PBXNativeTarget "Tests iOS" */;
			buildPhases = (
				6660254827D2AEF2007DC558 /* Sources */,
				6660254927D2AEF2007DC558 /* Frameworks */,
				6660254A27D2AEF2007DC558 /* Resources */,
			);
			buildRules = (
			);
			dependencies = (
				6660254E27D2AEF2007DC558 /* PBXTargetDependency */,
			);
			name = "Tests iOS";
			productName = "Tests iOS";
			productReference = 6660254C27D2AEF2007DC558 /* Tests iOS.xctest */;
			productType = "com.apple.product-type.bundle.ui-testing";
		};
		6660255727D2AEF2007DC558 /* Tests macOS */ = {
			isa = PBXNativeTarget;
			buildConfigurationList = 6660257127D2AEF2007DC558 /* Build configuration list for PBXNativeTarget "Tests macOS" */;
			buildPhases = (
				6660255427D2AEF2007DC558 /* Sources */,
				6660255527D2AEF2007DC558 /* Frameworks */,
				6660255627D2AEF2007DC558 /* Resources */,
			);
			buildRules = (
			);
			dependencies = (
				6660255A27D2AEF2007DC558 /* PBXTargetDependency */,
			);
			name = "Tests macOS";
			productName = "Tests macOS";
			productReference = 6660255827D2AEF2007DC558 /* Tests macOS.xctest */;
			productType = "com.apple.product-type.bundle.ui-testing";
		};
/* End PBXNativeTarget section */

/* Begin PBXProject section */
		6660253327D2AEF1007DC558 /* Project object */ = {
			isa = PBXProject;
			attributes = {
				BuildIndependentTargetsInParallel = 1;
				LastSwiftUpdateCheck = 1310;
				LastUpgradeCheck = 1310;
				TargetAttributes = {
					6660253E27D2AEF2007DC558 = {
						CreatedOnToolsVersion = 13.1;
					};
					6660254427D2AEF2007DC558 = {
						CreatedOnToolsVersion = 13.1;
					};
					6660254B27D2AEF2007DC558 = {
						CreatedOnToolsVersion = 13.1;
						TestTargetID = 6660253E27D2AEF2007DC558;
					};
					6660255727D2AEF2007DC558 = {
						CreatedOnToolsVersion = 13.1;
						TestTargetID = 6660254427D2AEF2007DC558;
					};
				};
			};
			buildConfigurationList = 6660253627D2AEF1007DC558 /* Build configuration list for PBXProject "ble-peripheral-apple" */;
			compatibilityVersion = "Xcode 13.0";
			developmentRegion = en;
			hasScannedForEncodings = 0;
			knownRegions = (
				en,
				Base,
			);
			mainGroup = 6660253227D2AEF1007DC558;
			productRefGroup = 6660254027D2AEF2007DC558 /* Products */;
			projectDirPath = "";
			projectRoot = "";
			targets = (
				6660253E27D2AEF2007DC558 /* ble-peripheral-apple (iOS) */,
				6660254427D2AEF2007DC558 /* ble-peripheral-apple (macOS) */,
				6660254B27D2AEF2007DC558 /* Tests iOS */,
				6660255727D2AEF2007DC558 /* Tests macOS */,
			);
		};
/* End PBXProject section */

/* Begin PBXResourcesBuildPhase section */
		6660253D27D2AEF2007DC558 /* Resources */ = {
			isa = PBXResourcesBuildPhase;
			buildActionMask = 2147483647;
			files = (
				6660256427D2AEF2007DC558 /* Assets.xcassets in Resources */,
			);
			runOnlyForDeploymentPostprocessing = 0;
		};
		6660254327D2AEF2007DC558 /* Resources */ = {
			isa = PBXResourcesBuildPhase;
			buildActionMask = 2147483647;
			files = (
				6660256527D2AEF2007DC558 /* Assets.xcassets in Resources */,
			);
			runOnlyForDeploymentPostprocessing = 0;
		};
		6660254A27D2AEF2007DC558 /* Resources */ = {
			isa = PBXResourcesBuildPhase;
			buildActionMask = 2147483647;
			files = (
			);
			runOnlyForDeploymentPostprocessing = 0;
		};
		6660255627D2AEF2007DC558 /* Resources */ = {
			isa = PBXResourcesBuildPhase;
			buildActionMask = 2147483647;
			files = (
			);
			runOnlyForDeploymentPostprocessing = 0;
		};
/* End PBXResourcesBuildPhase section */

/* Begin PBXSourcesBuildPhase section */
		6660253B27D2AEF2007DC558 /* Sources */ = {
			isa = PBXSourcesBuildPhase;
			buildActionMask = 2147483647;
			files = (
				6660256227D2AEF2007DC558 /* ContentView.swift in Sources */,
				6660256027D2AEF2007DC558 /* ble_peripheral_appleApp.swift in Sources */,
			);
			runOnlyForDeploymentPostprocessing = 0;
		};
		6660254127D2AEF2007DC558 /* Sources */ = {
			isa = PBXSourcesBuildPhase;
			buildActionMask = 2147483647;
			files = (
				6660256327D2AEF2007DC558 /* ContentView.swift in Sources */,
				6660256127D2AEF2007DC558 /* ble_peripheral_appleApp.swift in Sources */,
			);
			runOnlyForDeploymentPostprocessing = 0;
		};
		6660254827D2AEF2007DC558 /* Sources */ = {
			isa = PBXSourcesBuildPhase;
			buildActionMask = 2147483647;
			files = (
				6660255327D2AEF2007DC558 /* Tests_iOSLaunchTests.swift in Sources */,
				6660255127D2AEF2007DC558 /* Tests_iOS.swift in Sources */,
			);
			runOnlyForDeploymentPostprocessing = 0;
		};
		6660255427D2AEF2007DC558 /* Sources */ = {
			isa = PBXSourcesBuildPhase;
			buildActionMask = 2147483647;
			files = (
				6660255F27D2AEF2007DC558 /* Tests_macOSLaunchTests.swift in Sources */,
				6660255D27D2AEF2007DC558 /* Tests_macOS.swift in Sources */,
			);
			runOnlyForDeploymentPostprocessing = 0;
		};
/* End PBXSourcesBuildPhase section */

/* Begin PBXTargetDependency section */
		6660254E27D2AEF2007DC558 /* PBXTargetDependency */ = {
			isa = PBXTargetDependency;
			target = 6660253E27D2AEF2007DC558 /* ble-peripheral-apple (iOS) */;
			targetProxy = 6660254D27D2AEF2007DC558 /* PBXContainerItemProxy */;
		};
		6660255A27D2AEF2007DC558 /* PBXTargetDependency */ = {
			isa = PBXTargetDependency;
			target = 6660254427D2AEF2007DC558 /* ble-peripheral-apple (macOS) */;
			targetProxy = 6660255927D2AEF2007DC558 /* PBXContainerItemProxy */;
		};
/* End PBXTargetDependency section */

/* Begin XCBuildConfiguration section */
		6660256627D2AEF2007DC558 /* Debug */ = {
			isa = XCBuildConfiguration;
			buildSettings = {
				ALWAYS_SEARCH_USER_PATHS = NO;
				CLANG_ANALYZER_NONNULL = YES;
				CLANG_ANALYZER_NUMBER_OBJECT_CONVERSION = YES_AGGRESSIVE;
				CLANG_CXX_LANGUAGE_STANDARD = "gnu++17";
				CLANG_CXX_LIBRARY = "libc++";
				CLANG_ENABLE_MODULES = YES;
				CLANG_ENABLE_OBJC_ARC = YES;
				CLANG_ENABLE_OBJC_WEAK = YES;
				CLANG_WARN_BLOCK_CAPTURE_AUTORELEASING = YES;
				CLANG_WARN_BOOL_CONVERSION = YES;
				CLANG_WARN_COMMA = YES;
				CLANG_WARN_CONSTANT_CONVERSION = YES;
				CLANG_WARN_DEPRECATED_OBJC_IMPLEMENTATIONS = YES;
				CLANG_WARN_DIRECT_OBJC_ISA_USAGE = YES_ERROR;
				CLANG_WARN_DOCUMENTATION_COMMENTS = YES;
				CLANG_WARN_EMPTY_BODY = YES;
				CLANG_WARN_ENUM_CONVERSION = YES;
				CLANG_WARN_INFINITE_RECURSION = YES;
				CLANG_WARN_INT_CONVERSION = YES;
				CLANG_WARN_NON_LITERAL_NULL_CONVERSION = YES;
				CLANG_WARN_OBJC_IMPLICIT_RETAIN_SELF = YES;
				CLANG_WARN_OBJC_LITERAL_CONVERSION = YES;
				CLANG_WARN_OBJC_ROOT_CLASS = YES_ERROR;
				CLANG_WARN_QUOTED_INCLUDE_IN_FRAMEWORK_HEADER = YES;
				CLANG_WARN_RANGE_LOOP_ANALYSIS = YES;
				CLANG_WARN_STRICT_PROTOTYPES = YES;
				CLANG_WARN_SUSPICIOUS_MOVE = YES;
				CLANG_WARN_UNGUARDED_AVAILABILITY = YES_AGGRESSIVE;
				CLANG_WARN_UNREACHABLE_CODE = YES;
				CLANG_WARN__DUPLICATE_METHOD_MATCH = YES;
				COPY_PHASE_STRIP = NO;
				DEBUG_INFORMATION_FORMAT = dwarf;
				ENABLE_STRICT_OBJC_MSGSEND = YES;
				ENABLE_TESTABILITY = YES;
				GCC_C_LANGUAGE_STANDARD = gnu11;
				GCC_DYNAMIC_NO_PIC = NO;
				GCC_NO_COMMON_BLOCKS = YES;
				GCC_OPTIMIZATION_LEVEL = 0;
				GCC_PREPROCESSOR_DEFINITIONS = (
					"DEBUG=1",
					"$(inherited)",
				);
				GCC_WARN_64_TO_32_BIT_CONVERSION = YES;
				GCC_WARN_ABOUT_RETURN_TYPE = YES_ERROR;
				GCC_WARN_UNDECLARED_SELECTOR = YES;
				GCC_WARN_UNINITIALIZED_AUTOS = YES_AGGRESSIVE;
				GCC_WARN_UNUSED_FUNCTION = YES;
				GCC_WARN_UNUSED_VARIABLE = YES;
				MTL_ENABLE_DEBUG_INFO = INCLUDE_SOURCE;
				MTL_FAST_MATH = YES;
				ONLY_ACTIVE_ARCH = YES;
				SWIFT_ACTIVE_COMPILATION_CONDITIONS = DEBUG;
				SWIFT_OPTIMIZATION_LEVEL = "-Onone";
			};
			name = Debug;
		};
		6660256727D2AEF2007DC558 /* Release */ = {
			isa = XCBuildConfiguration;
			buildSettings = {
				ALWAYS_SEARCH_USER_PATHS = NO;
				CLANG_ANALYZER_NONNULL = YES;
				CLANG_ANALYZER_NUMBER_OBJECT_CONVERSION = YES_AGGRESSIVE;
				CLANG_CXX_LANGUAGE_STANDARD = "gnu++17";
				CLANG_CXX_LIBRARY = "libc++";
				CLANG_ENABLE_MODULES = YES;
				CLANG_ENABLE_OBJC_ARC = YES;
				CLANG_ENABLE_OBJC_WEAK = YES;
				CLANG_WARN_BLOCK_CAPTURE_AUTORELEASING = YES;
				CLANG_WARN_BOOL_CONVERSION = YES;
				CLANG_WARN_COMMA = YES;
				CLANG_WARN_CONSTANT_CONVERSION = YES;
				CLANG_WARN_DEPRECATED_OBJC_IMPLEMENTATIONS = YES;
				CLANG_WARN_DIRECT_OBJC_ISA_USAGE = YES_ERROR;
				CLANG_WARN_DOCUMENTATION_COMMENTS = YES;
				CLANG_WARN_EMPTY_BODY = YES;
				CLANG_WARN_ENUM_CONVERSION = YES;
				CLANG_WARN_INFINITE_RECURSION = YES;
				CLANG_WARN_INT_CONVERSION = YES;
				CLANG_WARN_NON_LITERAL_NULL_CONVERSION = YES;
				CLANG_WARN_OBJC_IMPLICIT_RETAIN_SELF = YES;
				CLANG_WARN_OBJC_LITERAL_CONVERSION = YES;
				CLANG_WARN_OBJC_ROOT_CLASS = YES_ERROR;
				CLANG_WARN_QUOTED_INCLUDE_IN_FRAMEWORK_HEADER = YES;
				CLANG_WARN_RANGE_LOOP_ANALYSIS = YES;
				CLANG_WARN_STRICT_PROTOTYPES = YES;
				CLANG_WARN_SUSPICIOUS_MOVE = YES;
				CLANG_WARN_UNGUARDED_AVAILABILITY = YES_AGGRESSIVE;
				CLANG_WARN_UNREACHABLE_CODE = YES;
				CLANG_WARN__DUPLICATE_METHOD_MATCH = YES;
				COPY_PHASE_STRIP = NO;
				DEBUG_INFORMATION_FORMAT = "dwarf-with-dsym";
				ENABLE_NS_ASSERTIONS = NO;
				ENABLE_STRICT_OBJC_MSGSEND = YES;
				GCC_C_LANGUAGE_STANDARD = gnu11;
				GCC_NO_COMMON_BLOCKS = YES;
				GCC_WARN_64_TO_32_BIT_CONVERSION = YES;
				GCC_WARN_ABOUT_RETURN_TYPE = YES_ERROR;
				GCC_WARN_UNDECLARED_SELECTOR = YES;
				GCC_WARN_UNINITIALIZED_AUTOS = YES_AGGRESSIVE;
				GCC_WARN_UNUSED_FUNCTION = YES;
				GCC_WARN_UNUSED_VARIABLE = YES;
				MTL_ENABLE_DEBUG_INFO = NO;
				MTL_FAST_MATH = YES;
				SWIFT_COMPILATION_MODE = wholemodule;
				SWIFT_OPTIMIZATION_LEVEL = "-O";
			};
			name = Release;
		};
		6660256927D2AEF2007DC558 /* Debug */ = {
			isa = XCBuildConfiguration;
			buildSettings = {
				ASSETCATALOG_COMPILER_APPICON_NAME = AppIcon;
				ASSETCATALOG_COMPILER_GLOBAL_ACCENT_COLOR_NAME = AccentColor;
				CODE_SIGN_STYLE = Automatic;
				CURRENT_PROJECT_VERSION = 1;
				DEVELOPMENT_TEAM = 928PH8VG5G;
				ENABLE_PREVIEWS = YES;
				GENERATE_INFOPLIST_FILE = YES;
				INFOPLIST_KEY_UIApplicationSceneManifest_Generation = YES;
				INFOPLIST_KEY_UIApplicationSupportsIndirectInputEvents = YES;
				INFOPLIST_KEY_UILaunchScreen_Generation = YES;
				INFOPLIST_KEY_UISupportedInterfaceOrientations_iPad = "UIInterfaceOrientationPortrait UIInterfaceOrientationPortraitUpsideDown UIInterfaceOrientationLandscapeLeft UIInterfaceOrientationLandscapeRight";
				INFOPLIST_KEY_UISupportedInterfaceOrientations_iPhone = "UIInterfaceOrientationPortrait UIInterfaceOrientationLandscapeLeft UIInterfaceOrientationLandscapeRight";
				IPHONEOS_DEPLOYMENT_TARGET = 15.0;
				LD_RUNPATH_SEARCH_PATHS = (
					"$(inherited)",
					"@executable_path/Frameworks",
				);
				MARKETING_VERSION = 1.0;
				PRODUCT_BUNDLE_IDENTIFIER = "com.atomicrobot.ble-peripheral-apple";
				PRODUCT_NAME = "ble-peripheral-apple";
				SDKROOT = iphoneos;
				SWIFT_EMIT_LOC_STRINGS = YES;
				SWIFT_VERSION = 5.0;
				TARGETED_DEVICE_FAMILY = "1,2";
			};
			name = Debug;
		};
		6660256A27D2AEF2007DC558 /* Release */ = {
			isa = XCBuildConfiguration;
			buildSettings = {
				ASSETCATALOG_COMPILER_APPICON_NAME = AppIcon;
				ASSETCATALOG_COMPILER_GLOBAL_ACCENT_COLOR_NAME = AccentColor;
				CODE_SIGN_STYLE = Automatic;
				CURRENT_PROJECT_VERSION = 1;
				DEVELOPMENT_TEAM = 928PH8VG5G;
				ENABLE_PREVIEWS = YES;
				GENERATE_INFOPLIST_FILE = YES;
				INFOPLIST_KEY_UIApplicationSceneManifest_Generation = YES;
				INFOPLIST_KEY_UIApplicationSupportsIndirectInputEvents = YES;
				INFOPLIST_KEY_UILaunchScreen_Generation = YES;
				INFOPLIST_KEY_UISupportedInterfaceOrientations_iPad = "UIInterfaceOrientationPortrait UIInterfaceOrientationPortraitUpsideDown UIInterfaceOrientationLandscapeLeft UIInterfaceOrientationLandscapeRight";
				INFOPLIST_KEY_UISupportedInterfaceOrientations_iPhone = "UIInterfaceOrientationPortrait UIInterfaceOrientationLandscapeLeft UIInterfaceOrientationLandscapeRight";
				IPHONEOS_DEPLOYMENT_TARGET = 15.0;
				LD_RUNPATH_SEARCH_PATHS = (
					"$(inherited)",
					"@executable_path/Frameworks",
				);
				MARKETING_VERSION = 1.0;
				PRODUCT_BUNDLE_IDENTIFIER = "com.atomicrobot.ble-peripheral-apple";
				PRODUCT_NAME = "ble-peripheral-apple";
				SDKROOT = iphoneos;
				SWIFT_EMIT_LOC_STRINGS = YES;
				SWIFT_VERSION = 5.0;
				TARGETED_DEVICE_FAMILY = "1,2";
				VALIDATE_PRODUCT = YES;
			};
			name = Release;
		};
		6660256C27D2AEF2007DC558 /* Debug */ = {
			isa = XCBuildConfiguration;
			buildSettings = {
				ASSETCATALOG_COMPILER_APPICON_NAME = AppIcon;
				ASSETCATALOG_COMPILER_GLOBAL_ACCENT_COLOR_NAME = AccentColor;
				CODE_SIGN_ENTITLEMENTS = macOS/macOS.entitlements;
				CODE_SIGN_STYLE = Automatic;
				COMBINE_HIDPI_IMAGES = YES;
				CURRENT_PROJECT_VERSION = 1;
				DEVELOPMENT_TEAM = 928PH8VG5G;
				ENABLE_HARDENED_RUNTIME = YES;
				ENABLE_PREVIEWS = YES;
				GENERATE_INFOPLIST_FILE = YES;
				INFOPLIST_KEY_NSHumanReadableCopyright = "";
				LD_RUNPATH_SEARCH_PATHS = (
					"$(inherited)",
					"@executable_path/../Frameworks",
				);
				MACOSX_DEPLOYMENT_TARGET = 12.0;
				MARKETING_VERSION = 1.0;
				PRODUCT_BUNDLE_IDENTIFIER = "com.atomicrobot.ble-peripheral-apple";
				PRODUCT_NAME = "ble-peripheral-apple";
				SDKROOT = macosx;
				SWIFT_EMIT_LOC_STRINGS = YES;
				SWIFT_VERSION = 5.0;
			};
			name = Debug;
		};
		6660256D27D2AEF2007DC558 /* Release */ = {
			isa = XCBuildConfiguration;
			buildSettings = {
				ASSETCATALOG_COMPILER_APPICON_NAME = AppIcon;
				ASSETCATALOG_COMPILER_GLOBAL_ACCENT_COLOR_NAME = AccentColor;
				CODE_SIGN_ENTITLEMENTS = macOS/macOS.entitlements;
				CODE_SIGN_STYLE = Automatic;
				COMBINE_HIDPI_IMAGES = YES;
				CURRENT_PROJECT_VERSION = 1;
				DEVELOPMENT_TEAM = 928PH8VG5G;
				ENABLE_HARDENED_RUNTIME = YES;
				ENABLE_PREVIEWS = YES;
				GENERATE_INFOPLIST_FILE = YES;
				INFOPLIST_KEY_NSHumanReadableCopyright = "";
				LD_RUNPATH_SEARCH_PATHS = (
					"$(inherited)",
					"@executable_path/../Frameworks",
				);
				MACOSX_DEPLOYMENT_TARGET = 12.0;
				MARKETING_VERSION = 1.0;
				PRODUCT_BUNDLE_IDENTIFIER = "com.atomicrobot.ble-peripheral-apple";
				PRODUCT_NAME = "ble-peripheral-apple";
				SDKROOT = macosx;
				SWIFT_EMIT_LOC_STRINGS = YES;
				SWIFT_VERSION = 5.0;
			};
			name = Release;
		};
		6660256F27D2AEF2007DC558 /* Debug */ = {
			isa = XCBuildConfiguration;
			buildSettings = {
				ALWAYS_EMBED_SWIFT_STANDARD_LIBRARIES = YES;
				CODE_SIGN_STYLE = Automatic;
				CURRENT_PROJECT_VERSION = 1;
				DEVELOPMENT_TEAM = 928PH8VG5G;
				GENERATE_INFOPLIST_FILE = YES;
				IPHONEOS_DEPLOYMENT_TARGET = 15.0;
				LD_RUNPATH_SEARCH_PATHS = (
					"$(inherited)",
					"@executable_path/Frameworks",
					"@loader_path/Frameworks",
				);
				MARKETING_VERSION = 1.0;
				PRODUCT_BUNDLE_IDENTIFIER = "com.atomicrobot.Tests-iOS";
				PRODUCT_NAME = "$(TARGET_NAME)";
				SDKROOT = iphoneos;
				SWIFT_EMIT_LOC_STRINGS = NO;
				SWIFT_VERSION = 5.0;
				TARGETED_DEVICE_FAMILY = "1,2";
				TEST_TARGET_NAME = "ble-peripheral-apple (iOS)";
			};
			name = Debug;
		};
		6660257027D2AEF2007DC558 /* Release */ = {
			isa = XCBuildConfiguration;
			buildSettings = {
				ALWAYS_EMBED_SWIFT_STANDARD_LIBRARIES = YES;
				CODE_SIGN_STYLE = Automatic;
				CURRENT_PROJECT_VERSION = 1;
				DEVELOPMENT_TEAM = 928PH8VG5G;
				GENERATE_INFOPLIST_FILE = YES;
				IPHONEOS_DEPLOYMENT_TARGET = 15.0;
				LD_RUNPATH_SEARCH_PATHS = (
					"$(inherited)",
					"@executable_path/Frameworks",
					"@loader_path/Frameworks",
				);
				MARKETING_VERSION = 1.0;
				PRODUCT_BUNDLE_IDENTIFIER = "com.atomicrobot.Tests-iOS";
				PRODUCT_NAME = "$(TARGET_NAME)";
				SDKROOT = iphoneos;
				SWIFT_EMIT_LOC_STRINGS = NO;
				SWIFT_VERSION = 5.0;
				TARGETED_DEVICE_FAMILY = "1,2";
				TEST_TARGET_NAME = "ble-peripheral-apple (iOS)";
				VALIDATE_PRODUCT = YES;
			};
			name = Release;
		};
		6660257227D2AEF2007DC558 /* Debug */ = {
			isa = XCBuildConfiguration;
			buildSettings = {
				ALWAYS_EMBED_SWIFT_STANDARD_LIBRARIES = YES;
				CODE_SIGN_STYLE = Automatic;
				COMBINE_HIDPI_IMAGES = YES;
				CURRENT_PROJECT_VERSION = 1;
				DEVELOPMENT_TEAM = 928PH8VG5G;
				GENERATE_INFOPLIST_FILE = YES;
				LD_RUNPATH_SEARCH_PATHS = (
					"$(inherited)",
					"@executable_path/../Frameworks",
					"@loader_path/../Frameworks",
				);
				MACOSX_DEPLOYMENT_TARGET = 12.0;
				MARKETING_VERSION = 1.0;
				PRODUCT_BUNDLE_IDENTIFIER = "com.atomicrobot.Tests-macOS";
				PRODUCT_NAME = "$(TARGET_NAME)";
				SDKROOT = macosx;
				SWIFT_EMIT_LOC_STRINGS = NO;
				SWIFT_VERSION = 5.0;
				TEST_TARGET_NAME = "ble-peripheral-apple (macOS)";
			};
			name = Debug;
		};
		6660257327D2AEF2007DC558 /* Release */ = {
			isa = XCBuildConfiguration;
			buildSettings = {
				ALWAYS_EMBED_SWIFT_STANDARD_LIBRARIES = YES;
				CODE_SIGN_STYLE = Automatic;
				COMBINE_HIDPI_IMAGES = YES;
				CURRENT_PROJECT_VERSION = 1;
				DEVELOPMENT_TEAM = 928PH8VG5G;
				GENERATE_INFOPLIST_FILE = YES;
				LD_RUNPATH_SEARCH_PATHS = (
					"$(inherited)",
					"@executable_path/../Frameworks",
					"@loader_path/../Frameworks",
				);
				MACOSX_DEPLOYMENT_TARGET = 12.0;
				MARKETING_VERSION = 1.0;
				PRODUCT_BUNDLE_IDENTIFIER = "com.atomicrobot.Tests-macOS";
				PRODUCT_NAME = "$(TARGET_NAME)";
				SDKROOT = macosx;
				SWIFT_EMIT_LOC_STRINGS = NO;
				SWIFT_VERSION = 5.0;
				TEST_TARGET_NAME = "ble-peripheral-apple (macOS)";
			};
			name = Release;
		};
/* End XCBuildConfiguration section */

/* Begin XCConfigurationList section */
		6660253627D2AEF1007DC558 /* Build configuration list for PBXProject "ble-peripheral-apple" */ = {
			isa = XCConfigurationList;
			buildConfigurations = (
				6660256627D2AEF2007DC558 /* Debug */,
				6660256727D2AEF2007DC558 /* Release */,
			);
			defaultConfigurationIsVisible = 0;
			defaultConfigurationName = Release;
		};
		6660256827D2AEF2007DC558 /* Build configuration list for PBXNativeTarget "ble-peripheral-apple (iOS)" */ = {
			isa = XCConfigurationList;
			buildConfigurations = (
				6660256927D2AEF2007DC558 /* Debug */,
				6660256A27D2AEF2007DC558 /* Release */,
			);
			defaultConfigurationIsVisible = 0;
			defaultConfigurationName = Release;
		};
		6660256B27D2AEF2007DC558 /* Build configuration list for PBXNativeTarget "ble-peripheral-apple (macOS)" */ = {
			isa = XCConfigurationList;
			buildConfigurations = (
				6660256C27D2AEF2007DC558 /* Debug */,
				6660256D27D2AEF2007DC558 /* Release */,
			);
			defaultConfigurationIsVisible = 0;
			defaultConfigurationName = Release;
		};
		6660256E27D2AEF2007DC558 /* Build configuration list for PBXNativeTarget "Tests iOS" */ = {
			isa = XCConfigurationList;
			buildConfigurations = (
				6660256F27D2AEF2007DC558 /* Debug */,
				6660257027D2AEF2007DC558 /* Release */,
			);
			defaultConfigurationIsVisible = 0;
			defaultConfigurationName = Release;
		};
		6660257127D2AEF2007DC558 /* Build configuration list for PBXNativeTarget "Tests macOS" */ = {
			isa = XCConfigurationList;
			buildConfigurations = (
				6660257227D2AEF2007DC558 /* Debug */,
				6660257327D2AEF2007DC558 /* Release */,
			);
			defaultConfigurationIsVisible = 0;
			defaultConfigurationName = Release;
		};
/* End XCConfigurationList section */
	};
	rootObject = 6660253327D2AEF1007DC558 /* Project object */;
}
